
Microsoft Visual Studio Solution File, Format Version 12.00
# Visual Studio Version 17
VisualStudioVersion = 17.1.32414.318
MinimumVisualStudioVersion = 10.0.40219.1
Project("{FAE04EC0-301F-11D3-BF4B-00C04F79EFBC}") = "ChangeFolderIcon_anime", "Project\ChangeFolderIcon_anime\ChangeFolderIcon_anime.csproj", "{26FD2629-5062-4329-B1A6-F66ED9446CCB}"
EndProject
Project("{FAE04EC0-301F-11D3-BF4B-00C04F79EFBC}") = "ChangeFolderIcon_exe", "Project\ChangeFolderIcon_exe\ChangeFolderIcon_exe.csproj", "{7DC55BC5-920B-4D43-BC4C-98027F8902FA}"
EndProject
Project("{FAE04EC0-301F-11D3-BF4B-00C04F79EFBC}") = "BaseLibrary", "Project\BaseLibrary\BaseLibrary.csproj", "{070FA284-77AC-46FC-A4A8-1588BD6F73B2}"
EndProject
Global
	GlobalSection(SolutionConfigurationPlatforms) = preSolution
		Debug|Any CPU = Debug|Any CPU
		Release|Any CPU = Release|Any CPU
	EndGlobalSection
	GlobalSection(ProjectConfigurationPlatforms) = postSolution
		{26FD2629-5062-4329-B1A6-F66ED9446CCB}.Debug|Any CPU.ActiveCfg = Debug|Any CPU
		{26FD2629-5062-4329-B1A6-F66ED9446CCB}.Debug|Any CPU.Build.0 = Debug|Any CPU
		{26FD2629-5062-4329-B1A6-F66ED9446CCB}.Release|Any CPU.ActiveCfg = Release|Any CPU
		{26FD2629-5062-4329-B1A6-F66ED9446CCB}.Release|Any CPU.Build.0 = Release|Any CPU
		{7DC55BC5-920B-4D43-BC4C-98027F8902FA}.Debug|Any CPU.ActiveCfg = Debug|Any CPU
		{7DC55BC5-920B-4D43-BC4C-98027F8902FA}.Debug|Any CPU.Build.0 = Debug|Any CPU
		{7DC55BC5-920B-4D43-BC4C-98027F8902FA}.Release|Any CPU.ActiveCfg = Release|Any CPU
		{7DC55BC5-920B-4D43-BC4C-98027F8902FA}.Release|Any CPU.Build.0 = Release|Any CPU
		{070FA284-77AC-46FC-A4A8-1588BD6F73B2}.Debug|Any CPU.ActiveCfg = Debug|Any CPU
		{070FA284-77AC-46FC-A4A8-1588BD6F73B2}.Debug|Any CPU.Build.0 = Debug|Any CPU
		{070FA284-77AC-46FC-A4A8-1588BD6F73B2}.Release|Any CPU.ActiveCfg = Release|Any CPU
		{070FA284-77AC-46FC-A4A8-1588BD6F73B2}.Release|Any CPU.Build.0 = Release|Any CPU
	EndGlobalSection
	GlobalSection(SolutionProperties) = preSolution
		HideSolutionNode = FALSE
	EndGlobalSection
	GlobalSection(ExtensibilityGlobals) = postSolution
		SolutionGuid = {3613510B-FE81-438D-8A9B-718D58F6AF59}
	EndGlobalSection
EndGlobal
